
Microsoft Visual Studio Solution File, Format Version 12.00
# Visual Studio Version 17
VisualStudioVersion = 17.8.34330.188
MinimumVisualStudioVersion = 10.0.40219.1
Project("{FAE04EC0-301F-11D3-BF4B-00C04F79EFBC}") = "TodoMVC", "TodoMVC.csproj", "{7BC5ECF9-517E-4BED-A800-20C1CF532467}"
EndProject
Global
	GlobalSection(SolutionConfigurationPlatforms) = preSolution
		Debug|Any CPU = Debug|Any CPU
		Release|Any CPU = Release|Any CPU
	EndGlobalSection
	GlobalSection(ProjectConfigurationPlatforms) = postSolution
		{7BC5ECF9-517E-4BED-A800-20C1CF532467}.Debug|Any CPU.ActiveCfg = Debug|Any CPU
		{7BC5ECF9-517E-4BED-A800-20C1CF532467}.Debug|Any CPU.Build.0 = Debug|Any CPU
		{7BC5ECF9-517E-4BED-A800-20C1CF532467}.Release|Any CPU.ActiveCfg = Release|Any CPU
		{7BC5ECF9-517E-4BED-A800-20C1CF532467}.Release|Any CPU.Build.0 = Release|Any CPU
	EndGlobalSection
	GlobalSection(SolutionProperties) = preSolution
		HideSolutionNode = FALSE
	EndGlobalSection
	GlobalSection(ExtensibilityGlobals) = postSolution
		SolutionGuid = {CACD39AD-37AF-44B5-8B35-C8E1BFA1A655}
	EndGlobalSection
EndGlobal
